
Microsoft Visual Studio Solution File, Format Version 12.00
# Visual Studio 14
VisualStudioVersion = 14.0.23107.0
MinimumVisualStudioVersion = 10.0.40219.1
Project("{FAE04EC0-301F-11D3-BF4B-00C04F79EFBC}") = "SiteGenerator", "SiteGenerator.csproj", "{0FEF1756-819D-4061-806B-3A7545EFD750}"
EndProject
Global
	GlobalSection(SolutionConfigurationPlatforms) = preSolution
		Debug|Any CPU = Debug|Any CPU
		Release|Any CPU = Release|Any CPU
	EndGlobalSection
	GlobalSection(ProjectConfigurationPlatforms) = postSolution
		{0FEF1756-819D-4061-806B-3A7545EFD750}.Debug|Any CPU.ActiveCfg = Debug|Any CPU
		{0FEF1756-819D-4061-806B-3A7545EFD750}.Debug|Any CPU.Build.0 = Debug|Any CPU
		{0FEF1756-819D-4061-806B-3A7545EFD750}.Release|Any CPU.ActiveCfg = Release|Any CPU
		{0FEF1756-819D-4061-806B-3A7545EFD750}.Release|Any CPU.Build.0 = Release|Any CPU
	EndGlobalSection
	GlobalSection(SolutionProperties) = preSolution
		HideSolutionNode = FALSE
	EndGlobalSection
EndGlobal
